<Solution>
  <Folder Name="/src/">
    <Project Path="src/ProjectCal.Api/ProjectCal.Api.csproj" />
    <Project Path="src/ProjectCal.Client/ProjectCal.Client.csproj" />
    <Project Path="src/ProjectCal.Shared/ProjectCal.Shared.csproj" />
    <Project Path="src/ProjectCal.Worker/ProjectCal.Worker.csproj" />
  </Folder>
  <Folder Name="/tests/">
    <Project Path="tests/ProjectCal.Tests/ProjectCal.Tests.csproj" />
  </Folder>
</Solution>
